
Microsoft Visual Studio Solution File, Format Version 12.00
# Visual Studio Version 17
VisualStudioVersion = 17.5.33516.290
MinimumVisualStudioVersion = 10.0.40219.1
Project("{FAE04EC0-301F-11D3-BF4B-00C04F79EFBC}") = "solo2yolo-dotnet", "solo2yolo-dotnet.csproj", "{8449B1D8-EC10-49B5-9485-1BB19F95D2CA}"
EndProject
Global
	GlobalSection(SolutionConfigurationPlatforms) = preSolution
		Debug|Any CPU = Debug|Any CPU
		Release|Any CPU = Release|Any CPU
	EndGlobalSection
	GlobalSection(ProjectConfigurationPlatforms) = postSolution
		{8449B1D8-EC10-49B5-9485-1BB19F95D2CA}.Debug|Any CPU.ActiveCfg = Debug|Any CPU
		{8449B1D8-EC10-49B5-9485-1BB19F95D2CA}.Debug|Any CPU.Build.0 = Debug|Any CPU
		{8449B1D8-EC10-49B5-9485-1BB19F95D2CA}.Release|Any CPU.ActiveCfg = Release|Any CPU
		{8449B1D8-EC10-49B5-9485-1BB19F95D2CA}.Release|Any CPU.Build.0 = Release|Any CPU
	EndGlobalSection
	GlobalSection(SolutionProperties) = preSolution
		HideSolutionNode = FALSE
	EndGlobalSection
	GlobalSection(ExtensibilityGlobals) = postSolution
		SolutionGuid = {7DCBA89E-9E66-4592-8B46-B16A2E4E8014}
	EndGlobalSection
EndGlobal
